
Microsoft Visual Studio Solution File, Format Version 12.00
# Visual Studio 15
VisualStudioVersion = 15.0.26228.4
MinimumVisualStudioVersion = 10.0.40219.1
Project("{2150E333-8FDC-42A3-9474-1A3956D46DE8}") = "Week 2", "Week 2", "{AF155116-EFAC-4833-8602-8FF28029EC82}"
EndProject
Project("{FAE04EC0-301F-11D3-BF4B-00C04F79EFBC}") = "SimpleArrayList", "Week2\SimpleArrayList\SimpleArrayList.csproj", "{022B4602-6F6B-4988-B58E-2A322E9935D2}"
EndProject
Project("{2150E333-8FDC-42A3-9474-1A3956D46DE8}") = "SimpleArrayList", "SimpleArrayList", "{74A42121-DDB4-4E02-8AA8-479393EAEA5D}"
EndProject
Project("{FAE04EC0-301F-11D3-BF4B-00C04F79EFBC}") = "SimpleArrayList.Test", "Week2\SimpleArrayList.Test\SimpleArrayList.Test.csproj", "{33955530-5DF1-416C-94A7-173F9F23DC49}"
EndProject
Project("{2150E333-8FDC-42A3-9474-1A3956D46DE8}") = "Week 3", "Week 3", "{9CA99BB5-B20A-4205-81F6-A6050E159558}"
EndProject
Project("{2150E333-8FDC-42A3-9474-1A3956D46DE8}") = "PrintBackwards", "PrintBackwards", "{B535D9A3-DC18-49A5-98C8-4FFF68CB4B47}"
EndProject
Project("{FAE04EC0-301F-11D3-BF4B-00C04F79EFBC}") = "PrintBackwards", "Week 3\Printbackwards\PrintBackwards\PrintBackwards.csproj", "{2F71788C-E3A5-41C4-BA25-B09CD3B71144}"
EndProject
Project("{2150E333-8FDC-42A3-9474-1A3956D46DE8}") = "ShellSort", "ShellSort", "{07E93D9B-CF5F-4181-B7CE-0E49704B8E85}"
EndProject
Project("{2150E333-8FDC-42A3-9474-1A3956D46DE8}") = "InsertionSort", "InsertionSort", "{69B5D22A-E1BA-49D9-BFEA-2ABB9B731FE2}"
EndProject
Project("{FAE04EC0-301F-11D3-BF4B-00C04F79EFBC}") = "InsertionSort", "Week 3\InsertionSort\InsertionSort\InsertionSort.csproj", "{0A567186-E354-4301-8735-6D0E785294C4}"
EndProject
Project("{2150E333-8FDC-42A3-9474-1A3956D46DE8}") = "DataStructures", "DataStructures", "{70889B71-7489-4A14-A6C3-B11BA1ED65D0}"
EndProject
Project("{FAE04EC0-301F-11D3-BF4B-00C04F79EFBC}") = "ArrayList", "ArrayList\ArrayList.csproj", "{17D9889D-CBA9-427B-86EF-C39337A02935}"
EndProject
Project("{FAE04EC0-301F-11D3-BF4B-00C04F79EFBC}") = "SinglyLinkedList", "SinglyLinkedList\SinglyLinkedList.csproj", "{1C866DCE-F964-4DBC-84FF-58A55CD6234D}"
EndProject
Project("{FAE04EC0-301F-11D3-BF4B-00C04F79EFBC}") = "Stack_LinkedList", "Stack_LinkedList\Stack_LinkedList.csproj", "{6FC5D3A6-F647-42DC-B520-95CA26025AF6}"
EndProject
Project("{FAE04EC0-301F-11D3-BF4B-00C04F79EFBC}") = "Queue_Array", "Queue_Array\Queue_Array.csproj", "{462566D1-D5B0-4609-B9BC-EB26E1D7F7FB}"
EndProject
Project("{2150E333-8FDC-42A3-9474-1A3956D46DE8}") = "Sorting", "Sorting", "{59F33E4B-BA82-4298-AA27-30A930AE7E83}"
EndProject
Project("{FAE04EC0-301F-11D3-BF4B-00C04F79EFBC}") = "InsertionSort", "InsertionSort\InsertionSort.csproj", "{27BFE4E4-58BC-40C7-A296-D5681161B99F}"
EndProject
Project("{FAE04EC0-301F-11D3-BF4B-00C04F79EFBC}") = "ShellSort", "Week 3\ShellSort\ShellSort\ShellSort.csproj", "{A8FAE054-4B28-457D-B42B-D7D07C2B6522}"
EndProject
Project("{FAE04EC0-301F-11D3-BF4B-00C04F79EFBC}") = "ShellSort", "ShellSort\ShellSort.csproj", "{27585F30-FE21-4F49-81FE-669DBFF6B73E}"
EndProject
Project("{FAE04EC0-301F-11D3-BF4B-00C04F79EFBC}") = "MergeSort", "MergeSort\MergeSort.csproj", "{A564BB20-67AA-445C-B0B4-851BCB20F8E1}"
EndProject
Project("{FAE04EC0-301F-11D3-BF4B-00C04F79EFBC}") = "QuickSort", "QuickSort\QuickSort.csproj", "{06597714-A2B0-4E52-9625-56A158F6668D}"
EndProject
Project("{FAE04EC0-301F-11D3-BF4B-00C04F79EFBC}") = "TreeFCNS", "TreeFCNS\TreeFCNS.csproj", "{A14D84C6-B419-4700-9885-90FCD288579C}"
EndProject
Project("{FAE04EC0-301F-11D3-BF4B-00C04F79EFBC}") = "BinaryTree", "BinaryTree\BinaryTree.csproj", "{C2DDB960-E65C-4B24-A989-2E2E5C5FC553}"
EndProject
Project("{FAE04EC0-301F-11D3-BF4B-00C04F79EFBC}") = "BinarySearchTree", "BinarySearchTree\BinarySearchTree.csproj", "{B696D98E-0A6E-4AC8-81F6-F0C8F41E3FB3}"
EndProject
Global
	GlobalSection(SolutionConfigurationPlatforms) = preSolution
		Debug|Any CPU = Debug|Any CPU
		Debug|ARM = Debug|ARM
		Debug|x64 = Debug|x64
		Debug|x86 = Debug|x86
		Release|Any CPU = Release|Any CPU
		Release|ARM = Release|ARM
		Release|x64 = Release|x64
		Release|x86 = Release|x86
	EndGlobalSection
	GlobalSection(ProjectConfigurationPlatforms) = postSolution
		{022B4602-6F6B-4988-B58E-2A322E9935D2}.Debug|Any CPU.ActiveCfg = Debug|Any CPU
		{022B4602-6F6B-4988-B58E-2A322E9935D2}.Debug|Any CPU.Build.0 = Debug|Any CPU
		{022B4602-6F6B-4988-B58E-2A322E9935D2}.Debug|ARM.ActiveCfg = Debug|Any CPU
		{022B4602-6F6B-4988-B58E-2A322E9935D2}.Debug|ARM.Build.0 = Debug|Any CPU
		{022B4602-6F6B-4988-B58E-2A322E9935D2}.Debug|x64.ActiveCfg = Debug|Any CPU
		{022B4602-6F6B-4988-B58E-2A322E9935D2}.Debug|x64.Build.0 = Debug|Any CPU
		{022B4602-6F6B-4988-B58E-2A322E9935D2}.Debug|x86.ActiveCfg = Debug|Any CPU
		{022B4602-6F6B-4988-B58E-2A322E9935D2}.Debug|x86.Build.0 = Debug|Any CPU
		{022B4602-6F6B-4988-B58E-2A322E9935D2}.Release|Any CPU.ActiveCfg = Release|Any CPU
		{022B4602-6F6B-4988-B58E-2A322E9935D2}.Release|Any CPU.Build.0 = Release|Any CPU
		{022B4602-6F6B-4988-B58E-2A322E9935D2}.Release|ARM.ActiveCfg = Release|Any CPU
		{022B4602-6F6B-4988-B58E-2A322E9935D2}.Release|ARM.Build.0 = Release|Any CPU
		{022B4602-6F6B-4988-B58E-2A322E9935D2}.Release|x64.ActiveCfg = Release|Any CPU
		{022B4602-6F6B-4988-B58E-2A322E9935D2}.Release|x64.Build.0 = Release|Any CPU
		{022B4602-6F6B-4988-B58E-2A322E9935D2}.Release|x86.ActiveCfg = Release|Any CPU
		{022B4602-6F6B-4988-B58E-2A322E9935D2}.Release|x86.Build.0 = Release|Any CPU
		{33955530-5DF1-416C-94A7-173F9F23DC49}.Debug|Any CPU.ActiveCfg = Debug|Any CPU
		{33955530-5DF1-416C-94A7-173F9F23DC49}.Debug|Any CPU.Build.0 = Debug|Any CPU
		{33955530-5DF1-416C-94A7-173F9F23DC49}.Debug|ARM.ActiveCfg = Debug|Any CPU
		{33955530-5DF1-416C-94A7-173F9F23DC49}.Debug|ARM.Build.0 = Debug|Any CPU
		{33955530-5DF1-416C-94A7-173F9F23DC49}.Debug|x64.ActiveCfg = Debug|Any CPU
		{33955530-5DF1-416C-94A7-173F9F23DC49}.Debug|x64.Build.0 = Debug|Any CPU
		{33955530-5DF1-416C-94A7-173F9F23DC49}.Debug|x86.ActiveCfg = Debug|Any CPU
		{33955530-5DF1-416C-94A7-173F9F23DC49}.Debug|x86.Build.0 = Debug|Any CPU
		{33955530-5DF1-416C-94A7-173F9F23DC49}.Release|Any CPU.ActiveCfg = Release|Any CPU
		{33955530-5DF1-416C-94A7-173F9F23DC49}.Release|Any CPU.Build.0 = Release|Any CPU
		{33955530-5DF1-416C-94A7-173F9F23DC49}.Release|ARM.ActiveCfg = Release|Any CPU
		{33955530-5DF1-416C-94A7-173F9F23DC49}.Release|ARM.Build.0 = Release|Any CPU
		{33955530-5DF1-416C-94A7-173F9F23DC49}.Release|x64.ActiveCfg = Release|Any CPU
		{33955530-5DF1-416C-94A7-173F9F23DC49}.Release|x64.Build.0 = Release|Any CPU
		{33955530-5DF1-416C-94A7-173F9F23DC49}.Release|x86.ActiveCfg = Release|Any CPU
		{33955530-5DF1-416C-94A7-173F9F23DC49}.Release|x86.Build.0 = Release|Any CPU
		{2F71788C-E3A5-41C4-BA25-B09CD3B71144}.Debug|Any CPU.ActiveCfg = Debug|Any CPU
		{2F71788C-E3A5-41C4-BA25-B09CD3B71144}.Debug|Any CPU.Build.0 = Debug|Any CPU
		{2F71788C-E3A5-41C4-BA25-B09CD3B71144}.Debug|ARM.ActiveCfg = Debug|Any CPU
		{2F71788C-E3A5-41C4-BA25-B09CD3B71144}.Debug|ARM.Build.0 = Debug|Any CPU
		{2F71788C-E3A5-41C4-BA25-B09CD3B71144}.Debug|x64.ActiveCfg = Debug|Any CPU
		{2F71788C-E3A5-41C4-BA25-B09CD3B71144}.Debug|x64.Build.0 = Debug|Any CPU
		{2F71788C-E3A5-41C4-BA25-B09CD3B71144}.Debug|x86.ActiveCfg = Debug|Any CPU
		{2F71788C-E3A5-41C4-BA25-B09CD3B71144}.Debug|x86.Build.0 = Debug|Any CPU
		{2F71788C-E3A5-41C4-BA25-B09CD3B71144}.Release|Any CPU.ActiveCfg = Release|Any CPU
		{2F71788C-E3A5-41C4-BA25-B09CD3B71144}.Release|Any CPU.Build.0 = Release|Any CPU
		{2F71788C-E3A5-41C4-BA25-B09CD3B71144}.Release|ARM.ActiveCfg = Release|Any CPU
		{2F71788C-E3A5-41C4-BA25-B09CD3B71144}.Release|ARM.Build.0 = Release|Any CPU
		{2F71788C-E3A5-41C4-BA25-B09CD3B71144}.Release|x64.ActiveCfg = Release|Any CPU
		{2F71788C-E3A5-41C4-BA25-B09CD3B71144}.Release|x64.Build.0 = Release|Any CPU
		{2F71788C-E3A5-41C4-BA25-B09CD3B71144}.Release|x86.ActiveCfg = Release|Any CPU
		{2F71788C-E3A5-41C4-BA25-B09CD3B71144}.Release|x86.Build.0 = Release|Any CPU
		{0A567186-E354-4301-8735-6D0E785294C4}.Debug|Any CPU.ActiveCfg = Debug|Any CPU
		{0A567186-E354-4301-8735-6D0E785294C4}.Debug|Any CPU.Build.0 = Debug|Any CPU
		{0A567186-E354-4301-8735-6D0E785294C4}.Debug|ARM.ActiveCfg = Debug|Any CPU
		{0A567186-E354-4301-8735-6D0E785294C4}.Debug|ARM.Build.0 = Debug|Any CPU
		{0A567186-E354-4301-8735-6D0E785294C4}.Debug|x64.ActiveCfg = Debug|Any CPU
		{0A567186-E354-4301-8735-6D0E785294C4}.Debug|x64.Build.0 = Debug|Any CPU
		{0A567186-E354-4301-8735-6D0E785294C4}.Debug|x86.ActiveCfg = Debug|Any CPU
		{0A567186-E354-4301-8735-6D0E785294C4}.Debug|x86.Build.0 = Debug|Any CPU
		{0A567186-E354-4301-8735-6D0E785294C4}.Release|Any CPU.ActiveCfg = Release|Any CPU
		{0A567186-E354-4301-8735-6D0E785294C4}.Release|Any CPU.Build.0 = Release|Any CPU
		{0A567186-E354-4301-8735-6D0E785294C4}.Release|ARM.ActiveCfg = Release|Any CPU
		{0A567186-E354-4301-8735-6D0E785294C4}.Release|ARM.Build.0 = Release|Any CPU
		{0A567186-E354-4301-8735-6D0E785294C4}.Release|x64.ActiveCfg = Release|Any CPU
		{0A567186-E354-4301-8735-6D0E785294C4}.Release|x64.Build.0 = Release|Any CPU
		{0A567186-E354-4301-8735-6D0E785294C4}.Release|x86.ActiveCfg = Release|Any CPU
		{0A567186-E354-4301-8735-6D0E785294C4}.Release|x86.Build.0 = Release|Any CPU
		{17D9889D-CBA9-427B-86EF-C39337A02935}.Debug|Any CPU.ActiveCfg = Debug|Any CPU
		{17D9889D-CBA9-427B-86EF-C39337A02935}.Debug|Any CPU.Build.0 = Debug|Any CPU
		{17D9889D-CBA9-427B-86EF-C39337A02935}.Debug|ARM.ActiveCfg = Debug|Any CPU
		{17D9889D-CBA9-427B-86EF-C39337A02935}.Debug|ARM.Build.0 = Debug|Any CPU
		{17D9889D-CBA9-427B-86EF-C39337A02935}.Debug|x64.ActiveCfg = Debug|Any CPU
		{17D9889D-CBA9-427B-86EF-C39337A02935}.Debug|x64.Build.0 = Debug|Any CPU
		{17D9889D-CBA9-427B-86EF-C39337A02935}.Debug|x86.ActiveCfg = Debug|Any CPU
		{17D9889D-CBA9-427B-86EF-C39337A02935}.Debug|x86.Build.0 = Debug|Any CPU
		{17D9889D-CBA9-427B-86EF-C39337A02935}.Release|Any CPU.ActiveCfg = Release|Any CPU
		{17D9889D-CBA9-427B-86EF-C39337A02935}.Release|Any CPU.Build.0 = Release|Any CPU
		{17D9889D-CBA9-427B-86EF-C39337A02935}.Release|ARM.ActiveCfg = Release|Any CPU
		{17D9889D-CBA9-427B-86EF-C39337A02935}.Release|ARM.Build.0 = Release|Any CPU
		{17D9889D-CBA9-427B-86EF-C39337A02935}.Release|x64.ActiveCfg = Release|Any CPU
		{17D9889D-CBA9-427B-86EF-C39337A02935}.Release|x64.Build.0 = Release|Any CPU
		{17D9889D-CBA9-427B-86EF-C39337A02935}.Release|x86.ActiveCfg = Release|Any CPU
		{17D9889D-CBA9-427B-86EF-C39337A02935}.Release|x86.Build.0 = Release|Any CPU
		{1C866DCE-F964-4DBC-84FF-58A55CD6234D}.Debug|Any CPU.ActiveCfg = Debug|Any CPU
		{1C866DCE-F964-4DBC-84FF-58A55CD6234D}.Debug|Any CPU.Build.0 = Debug|Any CPU
		{1C866DCE-F964-4DBC-84FF-58A55CD6234D}.Debug|ARM.ActiveCfg = Debug|Any CPU
		{1C866DCE-F964-4DBC-84FF-58A55CD6234D}.Debug|ARM.Build.0 = Debug|Any CPU
		{1C866DCE-F964-4DBC-84FF-58A55CD6234D}.Debug|x64.ActiveCfg = Debug|Any CPU
		{1C866DCE-F964-4DBC-84FF-58A55CD6234D}.Debug|x64.Build.0 = Debug|Any CPU
		{1C866DCE-F964-4DBC-84FF-58A55CD6234D}.Debug|x86.ActiveCfg = Debug|Any CPU
		{1C866DCE-F964-4DBC-84FF-58A55CD6234D}.Debug|x86.Build.0 = Debug|Any CPU
		{1C866DCE-F964-4DBC-84FF-58A55CD6234D}.Release|Any CPU.ActiveCfg = Release|Any CPU
		{1C866DCE-F964-4DBC-84FF-58A55CD6234D}.Release|Any CPU.Build.0 = Release|Any CPU
		{1C866DCE-F964-4DBC-84FF-58A55CD6234D}.Release|ARM.ActiveCfg = Release|Any CPU
		{1C866DCE-F964-4DBC-84FF-58A55CD6234D}.Release|ARM.Build.0 = Release|Any CPU
		{1C866DCE-F964-4DBC-84FF-58A55CD6234D}.Release|x64.ActiveCfg = Release|Any CPU
		{1C866DCE-F964-4DBC-84FF-58A55CD6234D}.Release|x64.Build.0 = Release|Any CPU
		{1C866DCE-F964-4DBC-84FF-58A55CD6234D}.Release|x86.ActiveCfg = Release|Any CPU
		{1C866DCE-F964-4DBC-84FF-58A55CD6234D}.Release|x86.Build.0 = Release|Any CPU
		{6FC5D3A6-F647-42DC-B520-95CA26025AF6}.Debug|Any CPU.ActiveCfg = Debug|Any CPU
		{6FC5D3A6-F647-42DC-B520-95CA26025AF6}.Debug|Any CPU.Build.0 = Debug|Any CPU
		{6FC5D3A6-F647-42DC-B520-95CA26025AF6}.Debug|ARM.ActiveCfg = Debug|Any CPU
		{6FC5D3A6-F647-42DC-B520-95CA26025AF6}.Debug|ARM.Build.0 = Debug|Any CPU
		{6FC5D3A6-F647-42DC-B520-95CA26025AF6}.Debug|x64.ActiveCfg = Debug|Any CPU
		{6FC5D3A6-F647-42DC-B520-95CA26025AF6}.Debug|x64.Build.0 = Debug|Any CPU
		{6FC5D3A6-F647-42DC-B520-95CA26025AF6}.Debug|x86.ActiveCfg = Debug|Any CPU
		{6FC5D3A6-F647-42DC-B520-95CA26025AF6}.Debug|x86.Build.0 = Debug|Any CPU
		{6FC5D3A6-F647-42DC-B520-95CA26025AF6}.Release|Any CPU.ActiveCfg = Release|Any CPU
		{6FC5D3A6-F647-42DC-B520-95CA26025AF6}.Release|Any CPU.Build.0 = Release|Any CPU
		{6FC5D3A6-F647-42DC-B520-95CA26025AF6}.Release|ARM.ActiveCfg = Release|Any CPU
		{6FC5D3A6-F647-42DC-B520-95CA26025AF6}.Release|ARM.Build.0 = Release|Any CPU
		{6FC5D3A6-F647-42DC-B520-95CA26025AF6}.Release|x64.ActiveCfg = Release|Any CPU
		{6FC5D3A6-F647-42DC-B520-95CA26025AF6}.Release|x64.Build.0 = Release|Any CPU
		{6FC5D3A6-F647-42DC-B520-95CA26025AF6}.Release|x86.ActiveCfg = Release|Any CPU
		{6FC5D3A6-F647-42DC-B520-95CA26025AF6}.Release|x86.Build.0 = Release|Any CPU
		{462566D1-D5B0-4609-B9BC-EB26E1D7F7FB}.Debug|Any CPU.ActiveCfg = Debug|Any CPU
		{462566D1-D5B0-4609-B9BC-EB26E1D7F7FB}.Debug|Any CPU.Build.0 = Debug|Any CPU
		{462566D1-D5B0-4609-B9BC-EB26E1D7F7FB}.Debug|ARM.ActiveCfg = Debug|Any CPU
		{462566D1-D5B0-4609-B9BC-EB26E1D7F7FB}.Debug|ARM.Build.0 = Debug|Any CPU
		{462566D1-D5B0-4609-B9BC-EB26E1D7F7FB}.Debug|x64.ActiveCfg = Debug|Any CPU
		{462566D1-D5B0-4609-B9BC-EB26E1D7F7FB}.Debug|x64.Build.0 = Debug|Any CPU
		{462566D1-D5B0-4609-B9BC-EB26E1D7F7FB}.Debug|x86.ActiveCfg = Debug|Any CPU
		{462566D1-D5B0-4609-B9BC-EB26E1D7F7FB}.Debug|x86.Build.0 = Debug|Any CPU
		{462566D1-D5B0-4609-B9BC-EB26E1D7F7FB}.Release|Any CPU.ActiveCfg = Release|Any CPU
		{462566D1-D5B0-4609-B9BC-EB26E1D7F7FB}.Release|Any CPU.Build.0 = Release|Any CPU
		{462566D1-D5B0-4609-B9BC-EB26E1D7F7FB}.Release|ARM.ActiveCfg = Release|Any CPU
		{462566D1-D5B0-4609-B9BC-EB26E1D7F7FB}.Release|ARM.Build.0 = Release|Any CPU
		{462566D1-D5B0-4609-B9BC-EB26E1D7F7FB}.Release|x64.ActiveCfg = Release|Any CPU
		{462566D1-D5B0-4609-B9BC-EB26E1D7F7FB}.Release|x64.Build.0 = Release|Any CPU
		{462566D1-D5B0-4609-B9BC-EB26E1D7F7FB}.Release|x86.ActiveCfg = Release|Any CPU
		{462566D1-D5B0-4609-B9BC-EB26E1D7F7FB}.Release|x86.Build.0 = Release|Any CPU
		{27BFE4E4-58BC-40C7-A296-D5681161B99F}.Debug|Any CPU.ActiveCfg = Debug|Any CPU
		{27BFE4E4-58BC-40C7-A296-D5681161B99F}.Debug|Any CPU.Build.0 = Debug|Any CPU
		{27BFE4E4-58BC-40C7-A296-D5681161B99F}.Debug|ARM.ActiveCfg = Debug|Any CPU
		{27BFE4E4-58BC-40C7-A296-D5681161B99F}.Debug|ARM.Build.0 = Debug|Any CPU
		{27BFE4E4-58BC-40C7-A296-D5681161B99F}.Debug|x64.ActiveCfg = Debug|Any CPU
		{27BFE4E4-58BC-40C7-A296-D5681161B99F}.Debug|x64.Build.0 = Debug|Any CPU
		{27BFE4E4-58BC-40C7-A296-D5681161B99F}.Debug|x86.ActiveCfg = Debug|Any CPU
		{27BFE4E4-58BC-40C7-A296-D5681161B99F}.Debug|x86.Build.0 = Debug|Any CPU
		{27BFE4E4-58BC-40C7-A296-D5681161B99F}.Release|Any CPU.ActiveCfg = Release|Any CPU
		{27BFE4E4-58BC-40C7-A296-D5681161B99F}.Release|Any CPU.Build.0 = Release|Any CPU
		{27BFE4E4-58BC-40C7-A296-D5681161B99F}.Release|ARM.ActiveCfg = Release|Any CPU
		{27BFE4E4-58BC-40C7-A296-D5681161B99F}.Release|ARM.Build.0 = Release|Any CPU
		{27BFE4E4-58BC-40C7-A296-D5681161B99F}.Release|x64.ActiveCfg = Release|Any CPU
		{27BFE4E4-58BC-40C7-A296-D5681161B99F}.Release|x64.Build.0 = Release|Any CPU
		{27BFE4E4-58BC-40C7-A296-D5681161B99F}.Release|x86.ActiveCfg = Release|Any CPU
		{27BFE4E4-58BC-40C7-A296-D5681161B99F}.Release|x86.Build.0 = Release|Any CPU
		{A8FAE054-4B28-457D-B42B-D7D07C2B6522}.Debug|Any CPU.ActiveCfg = Debug|Any CPU
		{A8FAE054-4B28-457D-B42B-D7D07C2B6522}.Debug|Any CPU.Build.0 = Debug|Any CPU
		{A8FAE054-4B28-457D-B42B-D7D07C2B6522}.Debug|ARM.ActiveCfg = Debug|Any CPU
		{A8FAE054-4B28-457D-B42B-D7D07C2B6522}.Debug|ARM.Build.0 = Debug|Any CPU
		{A8FAE054-4B28-457D-B42B-D7D07C2B6522}.Debug|x64.ActiveCfg = Debug|Any CPU
		{A8FAE054-4B28-457D-B42B-D7D07C2B6522}.Debug|x64.Build.0 = Debug|Any CPU
		{A8FAE054-4B28-457D-B42B-D7D07C2B6522}.Debug|x86.ActiveCfg = Debug|Any CPU
		{A8FAE054-4B28-457D-B42B-D7D07C2B6522}.Debug|x86.Build.0 = Debug|Any CPU
		{A8FAE054-4B28-457D-B42B-D7D07C2B6522}.Release|Any CPU.ActiveCfg = Release|Any CPU
		{A8FAE054-4B28-457D-B42B-D7D07C2B6522}.Release|Any CPU.Build.0 = Release|Any CPU
		{A8FAE054-4B28-457D-B42B-D7D07C2B6522}.Release|ARM.ActiveCfg = Release|Any CPU
		{A8FAE054-4B28-457D-B42B-D7D07C2B6522}.Release|ARM.Build.0 = Release|Any CPU
		{A8FAE054-4B28-457D-B42B-D7D07C2B6522}.Release|x64.ActiveCfg = Release|Any CPU
		{A8FAE054-4B28-457D-B42B-D7D07C2B6522}.Release|x64.Build.0 = Release|Any CPU
		{A8FAE054-4B28-457D-B42B-D7D07C2B6522}.Release|x86.ActiveCfg = Release|Any CPU
		{A8FAE054-4B28-457D-B42B-D7D07C2B6522}.Release|x86.Build.0 = Release|Any CPU
		{27585F30-FE21-4F49-81FE-669DBFF6B73E}.Debug|Any CPU.ActiveCfg = Debug|Any CPU
		{27585F30-FE21-4F49-81FE-669DBFF6B73E}.Debug|Any CPU.Build.0 = Debug|Any CPU
		{27585F30-FE21-4F49-81FE-669DBFF6B73E}.Debug|ARM.ActiveCfg = Debug|Any CPU
		{27585F30-FE21-4F49-81FE-669DBFF6B73E}.Debug|ARM.Build.0 = Debug|Any CPU
		{27585F30-FE21-4F49-81FE-669DBFF6B73E}.Debug|x64.ActiveCfg = Debug|Any CPU
		{27585F30-FE21-4F49-81FE-669DBFF6B73E}.Debug|x64.Build.0 = Debug|Any CPU
		{27585F30-FE21-4F49-81FE-669DBFF6B73E}.Debug|x86.ActiveCfg = Debug|Any CPU
		{27585F30-FE21-4F49-81FE-669DBFF6B73E}.Debug|x86.Build.0 = Debug|Any CPU
		{27585F30-FE21-4F49-81FE-669DBFF6B73E}.Release|Any CPU.ActiveCfg = Release|Any CPU
		{27585F30-FE21-4F49-81FE-669DBFF6B73E}.Release|Any CPU.Build.0 = Release|Any CPU
		{27585F30-FE21-4F49-81FE-669DBFF6B73E}.Release|ARM.ActiveCfg = Release|Any CPU
		{27585F30-FE21-4F49-81FE-669DBFF6B73E}.Release|ARM.Build.0 = Release|Any CPU
		{27585F30-FE21-4F49-81FE-669DBFF6B73E}.Release|x64.ActiveCfg = Release|Any CPU
		{27585F30-FE21-4F49-81FE-669DBFF6B73E}.Release|x64.Build.0 = Release|Any CPU
		{27585F30-FE21-4F49-81FE-669DBFF6B73E}.Release|x86.ActiveCfg = Release|Any CPU
		{27585F30-FE21-4F49-81FE-669DBFF6B73E}.Release|x86.Build.0 = Release|Any CPU
		{A564BB20-67AA-445C-B0B4-851BCB20F8E1}.Debug|Any CPU.ActiveCfg = Debug|Any CPU
		{A564BB20-67AA-445C-B0B4-851BCB20F8E1}.Debug|Any CPU.Build.0 = Debug|Any CPU
		{A564BB20-67AA-445C-B0B4-851BCB20F8E1}.Debug|ARM.ActiveCfg = Debug|Any CPU
		{A564BB20-67AA-445C-B0B4-851BCB20F8E1}.Debug|ARM.Build.0 = Debug|Any CPU
		{A564BB20-67AA-445C-B0B4-851BCB20F8E1}.Debug|x64.ActiveCfg = Debug|Any CPU
		{A564BB20-67AA-445C-B0B4-851BCB20F8E1}.Debug|x64.Build.0 = Debug|Any CPU
		{A564BB20-67AA-445C-B0B4-851BCB20F8E1}.Debug|x86.ActiveCfg = Debug|Any CPU
		{A564BB20-67AA-445C-B0B4-851BCB20F8E1}.Debug|x86.Build.0 = Debug|Any CPU
		{A564BB20-67AA-445C-B0B4-851BCB20F8E1}.Release|Any CPU.ActiveCfg = Release|Any CPU
		{A564BB20-67AA-445C-B0B4-851BCB20F8E1}.Release|Any CPU.Build.0 = Release|Any CPU
		{A564BB20-67AA-445C-B0B4-851BCB20F8E1}.Release|ARM.ActiveCfg = Release|Any CPU
		{A564BB20-67AA-445C-B0B4-851BCB20F8E1}.Release|ARM.Build.0 = Release|Any CPU
		{A564BB20-67AA-445C-B0B4-851BCB20F8E1}.Release|x64.ActiveCfg = Release|Any CPU
		{A564BB20-67AA-445C-B0B4-851BCB20F8E1}.Release|x64.Build.0 = Release|Any CPU
		{A564BB20-67AA-445C-B0B4-851BCB20F8E1}.Release|x86.ActiveCfg = Release|Any CPU
		{A564BB20-67AA-445C-B0B4-851BCB20F8E1}.Release|x86.Build.0 = Release|Any CPU
		{06597714-A2B0-4E52-9625-56A158F6668D}.Debug|Any CPU.ActiveCfg = Debug|Any CPU
		{06597714-A2B0-4E52-9625-56A158F6668D}.Debug|Any CPU.Build.0 = Debug|Any CPU
		{06597714-A2B0-4E52-9625-56A158F6668D}.Debug|ARM.ActiveCfg = Debug|Any CPU
		{06597714-A2B0-4E52-9625-56A158F6668D}.Debug|ARM.Build.0 = Debug|Any CPU
		{06597714-A2B0-4E52-9625-56A158F6668D}.Debug|x64.ActiveCfg = Debug|Any CPU
		{06597714-A2B0-4E52-9625-56A158F6668D}.Debug|x64.Build.0 = Debug|Any CPU
		{06597714-A2B0-4E52-9625-56A158F6668D}.Debug|x86.ActiveCfg = Debug|Any CPU
		{06597714-A2B0-4E52-9625-56A158F6668D}.Debug|x86.Build.0 = Debug|Any CPU
		{06597714-A2B0-4E52-9625-56A158F6668D}.Release|Any CPU.ActiveCfg = Release|Any CPU
		{06597714-A2B0-4E52-9625-56A158F6668D}.Release|Any CPU.Build.0 = Release|Any CPU
		{06597714-A2B0-4E52-9625-56A158F6668D}.Release|ARM.ActiveCfg = Release|Any CPU
		{06597714-A2B0-4E52-9625-56A158F6668D}.Release|ARM.Build.0 = Release|Any CPU
		{06597714-A2B0-4E52-9625-56A158F6668D}.Release|x64.ActiveCfg = Release|Any CPU
		{06597714-A2B0-4E52-9625-56A158F6668D}.Release|x64.Build.0 = Release|Any CPU
		{06597714-A2B0-4E52-9625-56A158F6668D}.Release|x86.ActiveCfg = Release|Any CPU
		{06597714-A2B0-4E52-9625-56A158F6668D}.Release|x86.Build.0 = Release|Any CPU
		{A14D84C6-B419-4700-9885-90FCD288579C}.Debug|Any CPU.ActiveCfg = Debug|Any CPU
		{A14D84C6-B419-4700-9885-90FCD288579C}.Debug|Any CPU.Build.0 = Debug|Any CPU
		{A14D84C6-B419-4700-9885-90FCD288579C}.Debug|ARM.ActiveCfg = Debug|Any CPU
		{A14D84C6-B419-4700-9885-90FCD288579C}.Debug|ARM.Build.0 = Debug|Any CPU
		{A14D84C6-B419-4700-9885-90FCD288579C}.Debug|x64.ActiveCfg = Debug|Any CPU
		{A14D84C6-B419-4700-9885-90FCD288579C}.Debug|x64.Build.0 = Debug|Any CPU
		{A14D84C6-B419-4700-9885-90FCD288579C}.Debug|x86.ActiveCfg = Debug|Any CPU
		{A14D84C6-B419-4700-9885-90FCD288579C}.Debug|x86.Build.0 = Debug|Any CPU
		{A14D84C6-B419-4700-9885-90FCD288579C}.Release|Any CPU.ActiveCfg = Release|Any CPU
		{A14D84C6-B419-4700-9885-90FCD288579C}.Release|Any CPU.Build.0 = Release|Any CPU
		{A14D84C6-B419-4700-9885-90FCD288579C}.Release|ARM.ActiveCfg = Release|Any CPU
		{A14D84C6-B419-4700-9885-90FCD288579C}.Release|ARM.Build.0 = Release|Any CPU
		{A14D84C6-B419-4700-9885-90FCD288579C}.Release|x64.ActiveCfg = Release|Any CPU
		{A14D84C6-B419-4700-9885-90FCD288579C}.Release|x64.Build.0 = Release|Any CPU
		{A14D84C6-B419-4700-9885-90FCD288579C}.Release|x86.ActiveCfg = Release|Any CPU
		{A14D84C6-B419-4700-9885-90FCD288579C}.Release|x86.Build.0 = Release|Any CPU
		{C2DDB960-E65C-4B24-A989-2E2E5C5FC553}.Debug|Any CPU.ActiveCfg = Debug|Any CPU
		{C2DDB960-E65C-4B24-A989-2E2E5C5FC553}.Debug|Any CPU.Build.0 = Debug|Any CPU
		{C2DDB960-E65C-4B24-A989-2E2E5C5FC553}.Debug|ARM.ActiveCfg = Debug|Any CPU
		{C2DDB960-E65C-4B24-A989-2E2E5C5FC553}.Debug|ARM.Build.0 = Debug|Any CPU
		{C2DDB960-E65C-4B24-A989-2E2E5C5FC553}.Debug|x64.ActiveCfg = Debug|Any CPU
		{C2DDB960-E65C-4B24-A989-2E2E5C5FC553}.Debug|x64.Build.0 = Debug|Any CPU
		{C2DDB960-E65C-4B24-A989-2E2E5C5FC553}.Debug|x86.ActiveCfg = Debug|Any CPU
		{C2DDB960-E65C-4B24-A989-2E2E5C5FC553}.Debug|x86.Build.0 = Debug|Any CPU
		{C2DDB960-E65C-4B24-A989-2E2E5C5FC553}.Release|Any CPU.ActiveCfg = Release|Any CPU
		{C2DDB960-E65C-4B24-A989-2E2E5C5FC553}.Release|Any CPU.Build.0 = Release|Any CPU
		{C2DDB960-E65C-4B24-A989-2E2E5C5FC553}.Release|ARM.ActiveCfg = Release|Any CPU
		{C2DDB960-E65C-4B24-A989-2E2E5C5FC553}.Release|ARM.Build.0 = Release|Any CPU
		{C2DDB960-E65C-4B24-A989-2E2E5C5FC553}.Release|x64.ActiveCfg = Release|Any CPU
		{C2DDB960-E65C-4B24-A989-2E2E5C5FC553}.Release|x64.Build.0 = Release|Any CPU
		{C2DDB960-E65C-4B24-A989-2E2E5C5FC553}.Release|x86.ActiveCfg = Release|Any CPU
		{C2DDB960-E65C-4B24-A989-2E2E5C5FC553}.Release|x86.Build.0 = Release|Any CPU
		{B696D98E-0A6E-4AC8-81F6-F0C8F41E3FB3}.Debug|Any CPU.ActiveCfg = Debug|Any CPU
		{B696D98E-0A6E-4AC8-81F6-F0C8F41E3FB3}.Debug|Any CPU.Build.0 = Debug|Any CPU
		{B696D98E-0A6E-4AC8-81F6-F0C8F41E3FB3}.Debug|ARM.ActiveCfg = Debug|Any CPU
		{B696D98E-0A6E-4AC8-81F6-F0C8F41E3FB3}.Debug|ARM.Build.0 = Debug|Any CPU
		{B696D98E-0A6E-4AC8-81F6-F0C8F41E3FB3}.Debug|x64.ActiveCfg = Debug|Any CPU
		{B696D98E-0A6E-4AC8-81F6-F0C8F41E3FB3}.Debug|x64.Build.0 = Debug|Any CPU
		{B696D98E-0A6E-4AC8-81F6-F0C8F41E3FB3}.Debug|x86.ActiveCfg = Debug|Any CPU
		{B696D98E-0A6E-4AC8-81F6-F0C8F41E3FB3}.Debug|x86.Build.0 = Debug|Any CPU
		{B696D98E-0A6E-4AC8-81F6-F0C8F41E3FB3}.Release|Any CPU.ActiveCfg = Release|Any CPU
		{B696D98E-0A6E-4AC8-81F6-F0C8F41E3FB3}.Release|Any CPU.Build.0 = Release|Any CPU
		{B696D98E-0A6E-4AC8-81F6-F0C8F41E3FB3}.Release|ARM.ActiveCfg = Release|Any CPU
		{B696D98E-0A6E-4AC8-81F6-F0C8F41E3FB3}.Release|ARM.Build.0 = Release|Any CPU
		{B696D98E-0A6E-4AC8-81F6-F0C8F41E3FB3}.Release|x64.ActiveCfg = Release|Any CPU
		{B696D98E-0A6E-4AC8-81F6-F0C8F41E3FB3}.Release|x64.Build.0 = Release|Any CPU
		{B696D98E-0A6E-4AC8-81F6-F0C8F41E3FB3}.Release|x86.ActiveCfg = Release|Any CPU
		{B696D98E-0A6E-4AC8-81F6-F0C8F41E3FB3}.Release|x86.Build.0 = Release|Any CPU
	EndGlobalSection
	GlobalSection(SolutionProperties) = preSolution
		HideSolutionNode = FALSE
	EndGlobalSection
	GlobalSection(NestedProjects) = preSolution
		{022B4602-6F6B-4988-B58E-2A322E9935D2} = {74A42121-DDB4-4E02-8AA8-479393EAEA5D}
		{74A42121-DDB4-4E02-8AA8-479393EAEA5D} = {AF155116-EFAC-4833-8602-8FF28029EC82}
		{33955530-5DF1-416C-94A7-173F9F23DC49} = {74A42121-DDB4-4E02-8AA8-479393EAEA5D}
		{B535D9A3-DC18-49A5-98C8-4FFF68CB4B47} = {9CA99BB5-B20A-4205-81F6-A6050E159558}
		{2F71788C-E3A5-41C4-BA25-B09CD3B71144} = {B535D9A3-DC18-49A5-98C8-4FFF68CB4B47}
		{07E93D9B-CF5F-4181-B7CE-0E49704B8E85} = {9CA99BB5-B20A-4205-81F6-A6050E159558}
		{69B5D22A-E1BA-49D9-BFEA-2ABB9B731FE2} = {9CA99BB5-B20A-4205-81F6-A6050E159558}
		{0A567186-E354-4301-8735-6D0E785294C4} = {69B5D22A-E1BA-49D9-BFEA-2ABB9B731FE2}
		{17D9889D-CBA9-427B-86EF-C39337A02935} = {70889B71-7489-4A14-A6C3-B11BA1ED65D0}
		{1C866DCE-F964-4DBC-84FF-58A55CD6234D} = {70889B71-7489-4A14-A6C3-B11BA1ED65D0}
		{6FC5D3A6-F647-42DC-B520-95CA26025AF6} = {70889B71-7489-4A14-A6C3-B11BA1ED65D0}
		{462566D1-D5B0-4609-B9BC-EB26E1D7F7FB} = {70889B71-7489-4A14-A6C3-B11BA1ED65D0}
		{27BFE4E4-58BC-40C7-A296-D5681161B99F} = {59F33E4B-BA82-4298-AA27-30A930AE7E83}
		{A8FAE054-4B28-457D-B42B-D7D07C2B6522} = {07E93D9B-CF5F-4181-B7CE-0E49704B8E85}
		{27585F30-FE21-4F49-81FE-669DBFF6B73E} = {59F33E4B-BA82-4298-AA27-30A930AE7E83}
		{A564BB20-67AA-445C-B0B4-851BCB20F8E1} = {59F33E4B-BA82-4298-AA27-30A930AE7E83}
		{06597714-A2B0-4E52-9625-56A158F6668D} = {59F33E4B-BA82-4298-AA27-30A930AE7E83}
		{A14D84C6-B419-4700-9885-90FCD288579C} = {70889B71-7489-4A14-A6C3-B11BA1ED65D0}
		{C2DDB960-E65C-4B24-A989-2E2E5C5FC553} = {70889B71-7489-4A14-A6C3-B11BA1ED65D0}
		{B696D98E-0A6E-4AC8-81F6-F0C8F41E3FB3} = {70889B71-7489-4A14-A6C3-B11BA1ED65D0}
	EndGlobalSection
EndGlobal
