
Microsoft Visual Studio Solution File, Format Version 12.00
# Visual Studio 14
VisualStudioVersion = 14.0.25420.1
MinimumVisualStudioVersion = 10.0.40219.1
Project("{2150E333-8FDC-42A3-9474-1A3956D46DE8}") = "Week 2", "Week 2", "{AF155116-EFAC-4833-8602-8FF28029EC82}"
EndProject
Project("{FAE04EC0-301F-11D3-BF4B-00C04F79EFBC}") = "SimpleArrayList", "Week2\SimpleArrayList\SimpleArrayList.csproj", "{022B4602-6F6B-4988-B58E-2A322E9935D2}"
EndProject
Project("{2150E333-8FDC-42A3-9474-1A3956D46DE8}") = "SimpleArrayList", "SimpleArrayList", "{74A42121-DDB4-4E02-8AA8-479393EAEA5D}"
EndProject
Project("{FAE04EC0-301F-11D3-BF4B-00C04F79EFBC}") = "SimpleArrayList.Test", "Week2\SimpleArrayList.Test\SimpleArrayList.Test.csproj", "{33955530-5DF1-416C-94A7-173F9F23DC49}"
EndProject
Global
	GlobalSection(SolutionConfigurationPlatforms) = preSolution
		Debug|Any CPU = Debug|Any CPU
		Debug|ARM = Debug|ARM
		Debug|x64 = Debug|x64
		Debug|x86 = Debug|x86
		Release|Any CPU = Release|Any CPU
		Release|ARM = Release|ARM
		Release|x64 = Release|x64
		Release|x86 = Release|x86
	EndGlobalSection
	GlobalSection(ProjectConfigurationPlatforms) = postSolution
		{022B4602-6F6B-4988-B58E-2A322E9935D2}.Debug|Any CPU.ActiveCfg = Debug|Any CPU
		{022B4602-6F6B-4988-B58E-2A322E9935D2}.Debug|Any CPU.Build.0 = Debug|Any CPU
		{022B4602-6F6B-4988-B58E-2A322E9935D2}.Debug|ARM.ActiveCfg = Debug|Any CPU
		{022B4602-6F6B-4988-B58E-2A322E9935D2}.Debug|ARM.Build.0 = Debug|Any CPU
		{022B4602-6F6B-4988-B58E-2A322E9935D2}.Debug|x64.ActiveCfg = Debug|Any CPU
		{022B4602-6F6B-4988-B58E-2A322E9935D2}.Debug|x64.Build.0 = Debug|Any CPU
		{022B4602-6F6B-4988-B58E-2A322E9935D2}.Debug|x86.ActiveCfg = Debug|Any CPU
		{022B4602-6F6B-4988-B58E-2A322E9935D2}.Debug|x86.Build.0 = Debug|Any CPU
		{022B4602-6F6B-4988-B58E-2A322E9935D2}.Release|Any CPU.ActiveCfg = Release|Any CPU
		{022B4602-6F6B-4988-B58E-2A322E9935D2}.Release|Any CPU.Build.0 = Release|Any CPU
		{022B4602-6F6B-4988-B58E-2A322E9935D2}.Release|ARM.ActiveCfg = Release|Any CPU
		{022B4602-6F6B-4988-B58E-2A322E9935D2}.Release|ARM.Build.0 = Release|Any CPU
		{022B4602-6F6B-4988-B58E-2A322E9935D2}.Release|x64.ActiveCfg = Release|Any CPU
		{022B4602-6F6B-4988-B58E-2A322E9935D2}.Release|x64.Build.0 = Release|Any CPU
		{022B4602-6F6B-4988-B58E-2A322E9935D2}.Release|x86.ActiveCfg = Release|Any CPU
		{022B4602-6F6B-4988-B58E-2A322E9935D2}.Release|x86.Build.0 = Release|Any CPU
		{33955530-5DF1-416C-94A7-173F9F23DC49}.Debug|Any CPU.ActiveCfg = Debug|Any CPU
		{33955530-5DF1-416C-94A7-173F9F23DC49}.Debug|Any CPU.Build.0 = Debug|Any CPU
		{33955530-5DF1-416C-94A7-173F9F23DC49}.Debug|ARM.ActiveCfg = Debug|Any CPU
		{33955530-5DF1-416C-94A7-173F9F23DC49}.Debug|ARM.Build.0 = Debug|Any CPU
		{33955530-5DF1-416C-94A7-173F9F23DC49}.Debug|x64.ActiveCfg = Debug|Any CPU
		{33955530-5DF1-416C-94A7-173F9F23DC49}.Debug|x64.Build.0 = Debug|Any CPU
		{33955530-5DF1-416C-94A7-173F9F23DC49}.Debug|x86.ActiveCfg = Debug|Any CPU
		{33955530-5DF1-416C-94A7-173F9F23DC49}.Debug|x86.Build.0 = Debug|Any CPU
		{33955530-5DF1-416C-94A7-173F9F23DC49}.Release|Any CPU.ActiveCfg = Release|Any CPU
		{33955530-5DF1-416C-94A7-173F9F23DC49}.Release|Any CPU.Build.0 = Release|Any CPU
		{33955530-5DF1-416C-94A7-173F9F23DC49}.Release|ARM.ActiveCfg = Release|Any CPU
		{33955530-5DF1-416C-94A7-173F9F23DC49}.Release|ARM.Build.0 = Release|Any CPU
		{33955530-5DF1-416C-94A7-173F9F23DC49}.Release|x64.ActiveCfg = Release|Any CPU
		{33955530-5DF1-416C-94A7-173F9F23DC49}.Release|x64.Build.0 = Release|Any CPU
		{33955530-5DF1-416C-94A7-173F9F23DC49}.Release|x86.ActiveCfg = Release|Any CPU
		{33955530-5DF1-416C-94A7-173F9F23DC49}.Release|x86.Build.0 = Release|Any CPU
	EndGlobalSection
	GlobalSection(SolutionProperties) = preSolution
		HideSolutionNode = FALSE
	EndGlobalSection
	GlobalSection(NestedProjects) = preSolution
		{022B4602-6F6B-4988-B58E-2A322E9935D2} = {74A42121-DDB4-4E02-8AA8-479393EAEA5D}
		{74A42121-DDB4-4E02-8AA8-479393EAEA5D} = {AF155116-EFAC-4833-8602-8FF28029EC82}
		{33955530-5DF1-416C-94A7-173F9F23DC49} = {74A42121-DDB4-4E02-8AA8-479393EAEA5D}
	EndGlobalSection
EndGlobal
